{
  "name": "projects",
  "lockfileVersion": 2,
  "requires": true,
  "packages": {
    "": {
      "dependencies": {
        "email-validator": "^2.0.4",
        "phone": "^3.1.33"
      }
    },
    "node_modules/email-validator": {
      "version": "2.0.4",
      "resolved": "https://registry.npmjs.org/email-validator/-/email-validator-2.0.4.tgz",
      "integrity": "sha512-gYCwo7kh5S3IDyZPLZf6hSS0MnZT8QmJFqYvbqlDZSbwdZlY6QZWxJ4i/6UhITOJ4XzyI647Bm2MXKCLqnJ4nQ==",
      "engines": {
        "node": ">4.0"
      }
    },
    "node_modules/phone": {
      "version": "3.1.33",
      "resolved": "https://registry.npmjs.org/phone/-/phone-3.1.33.tgz",
      "integrity": "sha512-mTDJ9NsXyRxxsnhEZpdNO6PFoPxSzEW0s5gjaxgTv8rqmIcyfbNBZpKxmdifr6jJVL/0oSwiHHvL2+SNL9BVFw==",
      "engines": {
        "node": ">=12"
      }
    }
  },
  "dependencies": {
    "email-validator": {
      "version": "2.0.4",
      "resolved": "https://registry.npmjs.org/email-validator/-/email-validator-2.0.4.tgz",
      "integrity": "sha512-gYCwo7kh5S3IDyZPLZf6hSS0MnZT8QmJFqYvbqlDZSbwdZlY6QZWxJ4i/6UhITOJ4XzyI647Bm2MXKCLqnJ4nQ=="
    },
    "phone": {
      "version": "3.1.33",
      "resolved": "https://registry.npmjs.org/phone/-/phone-3.1.33.tgz",
      "integrity": "sha512-mTDJ9NsXyRxxsnhEZpdNO6PFoPxSzEW0s5gjaxgTv8rqmIcyfbNBZpKxmdifr6jJVL/0oSwiHHvL2+SNL9BVFw=="
    }
  }
}
